
Microsoft Visual Studio Solution File, Format Version 11.00
# Visual Studio 2010
Project("{8BC9CEB8-8B4A-11D0-8D11-00A0C91BC942}") = "oracle_link", "oracle_link\oracle_link.vcxproj", "{FACAC2FA-CFD2-41A0-92B3-453B915663A2}"
EndProject
Global
	GlobalSection(SolutionConfigurationPlatforms) = preSolution
		Debug|Win32 = Debug|Win32
		Release|Win32 = Release|Win32
	EndGlobalSection
	GlobalSection(ProjectConfigurationPlatforms) = postSolution
		{FACAC2FA-CFD2-41A0-92B3-453B915663A2}.Debug|Win32.ActiveCfg = Debug|Win32
		{FACAC2FA-CFD2-41A0-92B3-453B915663A2}.Debug|Win32.Build.0 = Debug|Win32
		{FACAC2FA-CFD2-41A0-92B3-453B915663A2}.Release|Win32.ActiveCfg = Release|Win32
		{FACAC2FA-CFD2-41A0-92B3-453B915663A2}.Release|Win32.Build.0 = Release|Win32
	EndGlobalSection
	GlobalSection(SolutionProperties) = preSolution
		HideSolutionNode = FALSE
	EndGlobalSection
EndGlobal
