
Microsoft Visual Studio Solution File, Format Version 11.00
# Visual Studio 2010
Project("{8BC9CEB8-8B4A-11D0-8D11-00A0C91BC942}") = "容器和算法2", "容器和算法2\容器和算法2.vcxproj", "{4361FAD8-5C6F-4963-A490-0B9DFEB3F396}"
EndProject
Global
	GlobalSection(SolutionConfigurationPlatforms) = preSolution
		Debug|Win32 = Debug|Win32
		Release|Win32 = Release|Win32
	EndGlobalSection
	GlobalSection(ProjectConfigurationPlatforms) = postSolution
		{4361FAD8-5C6F-4963-A490-0B9DFEB3F396}.Debug|Win32.ActiveCfg = Debug|Win32
		{4361FAD8-5C6F-4963-A490-0B9DFEB3F396}.Debug|Win32.Build.0 = Debug|Win32
		{4361FAD8-5C6F-4963-A490-0B9DFEB3F396}.Release|Win32.ActiveCfg = Release|Win32
		{4361FAD8-5C6F-4963-A490-0B9DFEB3F396}.Release|Win32.Build.0 = Release|Win32
	EndGlobalSection
	GlobalSection(SolutionProperties) = preSolution
		HideSolutionNode = FALSE
	EndGlobalSection
EndGlobal
